
Microsoft Visual Studio Solution File, Format Version 12.00
# Visual Studio Version 17
VisualStudioVersion = 17.4.33205.214
MinimumVisualStudioVersion = 10.0.40219.1
Project("{FAE04EC0-301F-11D3-BF4B-00C04F79EFBC}") = "ux_study", "ux_study\ux_study.csproj", "{4B3B375D-DBAD-4E29-8531-DAF0DDE4DE35}"
EndProject
Project("{9A19103F-16F7-4668-BE54-9A1E7A4F7556}") = "Problem9663_NQueen", "day_0210\Problem9663_NQueen.csproj", "{065794FC-6930-4596-9AE6-661E8AEB3C79}"
EndProject
Project("{9A19103F-16F7-4668-BE54-9A1E7A4F7556}") = "Problem21133_NQueen2", "Problem21133_NQueen2\Problem21133_NQueen2.csproj", "{43513901-8F4F-43BD-B14D-8566182C8733}"
EndProject
Project("{9A19103F-16F7-4668-BE54-9A1E7A4F7556}") = "Problem_10971", "Problem_10971\Problem_10971.csproj", "{2CA20F32-4286-4485-A191-090A3F62D005}"
EndProject
Project("{FAE04EC0-301F-11D3-BF4B-00C04F79EFBC}") = "p2605", "p2605\p2605.csproj", "{5A09635D-8EB6-41E2-BFF1-23CE9134E849}"
EndProject
Project("{9A19103F-16F7-4668-BE54-9A1E7A4F7556}") = "p2178_maze", "p2178_maze\p2178_maze.csproj", "{6771BAF2-5C5E-437C-8958-C7672285A719}"
EndProject
Project("{9A19103F-16F7-4668-BE54-9A1E7A4F7556}") = "p3184_sheep", "p3184_sheep\p3184_sheep.csproj", "{919D4CCE-94B1-4317-8470-B63DBEE52B94}"
EndProject
Project("{9A19103F-16F7-4668-BE54-9A1E7A4F7556}") = "p2583_area", "p2583_area\p2583_area.csproj", "{CD955434-5B13-47AA-93C7-E959301AA87C}"
EndProject
Project("{9A19103F-16F7-4668-BE54-9A1E7A4F7556}") = "p10799_metal_rod", "p10799_metal_rod\p10799_metal_rod.csproj", "{6155FDED-D524-4635-81F6-ACEA65C91AF1}"
EndProject
Project("{9A19103F-16F7-4668-BE54-9A1E7A4F7556}") = "p13302_resort", "p13302_resord\p13302_resort.csproj", "{415DB56E-5FF4-4CA6-9667-93CF75D49AC7}"
EndProject
Project("{2150E333-8FDC-42A3-9474-1A3956D46DE8}") = "day_0303", "day_0303", "{9F8B50FA-7063-4195-B8A4-82BE546D64C0}"
EndProject
Project("{9A19103F-16F7-4668-BE54-9A1E7A4F7556}") = "p1193_분수찾기", "p1193_분수찾기\p1193_분수찾기.csproj", "{8C37810D-8C6D-4E10-9474-40D7B5F8F107}"
EndProject
Project("{9A19103F-16F7-4668-BE54-9A1E7A4F7556}") = "p2565_전깃줄", "p2565_전깃줄\p2565_전깃줄.csproj", "{64AE70D0-1A51-4B37-9B4D-72AF75B81FF7}"
EndProject
Project("{9A19103F-16F7-4668-BE54-9A1E7A4F7556}") = "p10158_개미", "p10158_개미\p10158_개미.csproj", "{2117E368-4AF2-4CA0-9B9B-8FF3B78D5DBD}"
EndProject
Project("{9A19103F-16F7-4668-BE54-9A1E7A4F7556}") = "p17609_회문", "p17609_회문\p17609_회문.csproj", "{FFC6413C-6ECD-4703-ACE4-CD958AF3D524}"
EndProject
Global
	GlobalSection(SolutionConfigurationPlatforms) = preSolution
		Debug|Any CPU = Debug|Any CPU
		Release|Any CPU = Release|Any CPU
	EndGlobalSection
	GlobalSection(ProjectConfigurationPlatforms) = postSolution
		{4B3B375D-DBAD-4E29-8531-DAF0DDE4DE35}.Debug|Any CPU.ActiveCfg = Debug|Any CPU
		{4B3B375D-DBAD-4E29-8531-DAF0DDE4DE35}.Debug|Any CPU.Build.0 = Debug|Any CPU
		{4B3B375D-DBAD-4E29-8531-DAF0DDE4DE35}.Release|Any CPU.ActiveCfg = Release|Any CPU
		{4B3B375D-DBAD-4E29-8531-DAF0DDE4DE35}.Release|Any CPU.Build.0 = Release|Any CPU
		{065794FC-6930-4596-9AE6-661E8AEB3C79}.Debug|Any CPU.ActiveCfg = Debug|Any CPU
		{065794FC-6930-4596-9AE6-661E8AEB3C79}.Debug|Any CPU.Build.0 = Debug|Any CPU
		{065794FC-6930-4596-9AE6-661E8AEB3C79}.Release|Any CPU.ActiveCfg = Release|Any CPU
		{065794FC-6930-4596-9AE6-661E8AEB3C79}.Release|Any CPU.Build.0 = Release|Any CPU
		{43513901-8F4F-43BD-B14D-8566182C8733}.Debug|Any CPU.ActiveCfg = Debug|Any CPU
		{43513901-8F4F-43BD-B14D-8566182C8733}.Debug|Any CPU.Build.0 = Debug|Any CPU
		{43513901-8F4F-43BD-B14D-8566182C8733}.Release|Any CPU.ActiveCfg = Release|Any CPU
		{43513901-8F4F-43BD-B14D-8566182C8733}.Release|Any CPU.Build.0 = Release|Any CPU
		{2CA20F32-4286-4485-A191-090A3F62D005}.Debug|Any CPU.ActiveCfg = Debug|Any CPU
		{2CA20F32-4286-4485-A191-090A3F62D005}.Debug|Any CPU.Build.0 = Debug|Any CPU
		{2CA20F32-4286-4485-A191-090A3F62D005}.Release|Any CPU.ActiveCfg = Release|Any CPU
		{2CA20F32-4286-4485-A191-090A3F62D005}.Release|Any CPU.Build.0 = Release|Any CPU
		{5A09635D-8EB6-41E2-BFF1-23CE9134E849}.Debug|Any CPU.ActiveCfg = Debug|Any CPU
		{5A09635D-8EB6-41E2-BFF1-23CE9134E849}.Debug|Any CPU.Build.0 = Debug|Any CPU
		{5A09635D-8EB6-41E2-BFF1-23CE9134E849}.Release|Any CPU.ActiveCfg = Release|Any CPU
		{5A09635D-8EB6-41E2-BFF1-23CE9134E849}.Release|Any CPU.Build.0 = Release|Any CPU
		{6771BAF2-5C5E-437C-8958-C7672285A719}.Debug|Any CPU.ActiveCfg = Debug|Any CPU
		{6771BAF2-5C5E-437C-8958-C7672285A719}.Debug|Any CPU.Build.0 = Debug|Any CPU
		{6771BAF2-5C5E-437C-8958-C7672285A719}.Release|Any CPU.ActiveCfg = Release|Any CPU
		{6771BAF2-5C5E-437C-8958-C7672285A719}.Release|Any CPU.Build.0 = Release|Any CPU
		{919D4CCE-94B1-4317-8470-B63DBEE52B94}.Debug|Any CPU.ActiveCfg = Debug|Any CPU
		{919D4CCE-94B1-4317-8470-B63DBEE52B94}.Debug|Any CPU.Build.0 = Debug|Any CPU
		{919D4CCE-94B1-4317-8470-B63DBEE52B94}.Release|Any CPU.ActiveCfg = Release|Any CPU
		{919D4CCE-94B1-4317-8470-B63DBEE52B94}.Release|Any CPU.Build.0 = Release|Any CPU
		{CD955434-5B13-47AA-93C7-E959301AA87C}.Debug|Any CPU.ActiveCfg = Debug|Any CPU
		{CD955434-5B13-47AA-93C7-E959301AA87C}.Debug|Any CPU.Build.0 = Debug|Any CPU
		{CD955434-5B13-47AA-93C7-E959301AA87C}.Release|Any CPU.ActiveCfg = Release|Any CPU
		{CD955434-5B13-47AA-93C7-E959301AA87C}.Release|Any CPU.Build.0 = Release|Any CPU
		{6155FDED-D524-4635-81F6-ACEA65C91AF1}.Debug|Any CPU.ActiveCfg = Debug|Any CPU
		{6155FDED-D524-4635-81F6-ACEA65C91AF1}.Debug|Any CPU.Build.0 = Debug|Any CPU
		{6155FDED-D524-4635-81F6-ACEA65C91AF1}.Release|Any CPU.ActiveCfg = Release|Any CPU
		{6155FDED-D524-4635-81F6-ACEA65C91AF1}.Release|Any CPU.Build.0 = Release|Any CPU
		{415DB56E-5FF4-4CA6-9667-93CF75D49AC7}.Debug|Any CPU.ActiveCfg = Debug|Any CPU
		{415DB56E-5FF4-4CA6-9667-93CF75D49AC7}.Debug|Any CPU.Build.0 = Debug|Any CPU
		{415DB56E-5FF4-4CA6-9667-93CF75D49AC7}.Release|Any CPU.ActiveCfg = Release|Any CPU
		{415DB56E-5FF4-4CA6-9667-93CF75D49AC7}.Release|Any CPU.Build.0 = Release|Any CPU
		{8C37810D-8C6D-4E10-9474-40D7B5F8F107}.Debug|Any CPU.ActiveCfg = Debug|Any CPU
		{8C37810D-8C6D-4E10-9474-40D7B5F8F107}.Debug|Any CPU.Build.0 = Debug|Any CPU
		{8C37810D-8C6D-4E10-9474-40D7B5F8F107}.Release|Any CPU.ActiveCfg = Release|Any CPU
		{8C37810D-8C6D-4E10-9474-40D7B5F8F107}.Release|Any CPU.Build.0 = Release|Any CPU
		{64AE70D0-1A51-4B37-9B4D-72AF75B81FF7}.Debug|Any CPU.ActiveCfg = Debug|Any CPU
		{64AE70D0-1A51-4B37-9B4D-72AF75B81FF7}.Debug|Any CPU.Build.0 = Debug|Any CPU
		{64AE70D0-1A51-4B37-9B4D-72AF75B81FF7}.Release|Any CPU.ActiveCfg = Release|Any CPU
		{64AE70D0-1A51-4B37-9B4D-72AF75B81FF7}.Release|Any CPU.Build.0 = Release|Any CPU
		{2117E368-4AF2-4CA0-9B9B-8FF3B78D5DBD}.Debug|Any CPU.ActiveCfg = Debug|Any CPU
		{2117E368-4AF2-4CA0-9B9B-8FF3B78D5DBD}.Debug|Any CPU.Build.0 = Debug|Any CPU
		{2117E368-4AF2-4CA0-9B9B-8FF3B78D5DBD}.Release|Any CPU.ActiveCfg = Release|Any CPU
		{2117E368-4AF2-4CA0-9B9B-8FF3B78D5DBD}.Release|Any CPU.Build.0 = Release|Any CPU
		{FFC6413C-6ECD-4703-ACE4-CD958AF3D524}.Debug|Any CPU.ActiveCfg = Debug|Any CPU
		{FFC6413C-6ECD-4703-ACE4-CD958AF3D524}.Debug|Any CPU.Build.0 = Debug|Any CPU
		{FFC6413C-6ECD-4703-ACE4-CD958AF3D524}.Release|Any CPU.ActiveCfg = Release|Any CPU
		{FFC6413C-6ECD-4703-ACE4-CD958AF3D524}.Release|Any CPU.Build.0 = Release|Any CPU
	EndGlobalSection
	GlobalSection(SolutionProperties) = preSolution
		HideSolutionNode = FALSE
	EndGlobalSection
	GlobalSection(NestedProjects) = preSolution
		{8C37810D-8C6D-4E10-9474-40D7B5F8F107} = {9F8B50FA-7063-4195-B8A4-82BE546D64C0}
		{64AE70D0-1A51-4B37-9B4D-72AF75B81FF7} = {9F8B50FA-7063-4195-B8A4-82BE546D64C0}
		{2117E368-4AF2-4CA0-9B9B-8FF3B78D5DBD} = {9F8B50FA-7063-4195-B8A4-82BE546D64C0}
	EndGlobalSection
	GlobalSection(ExtensibilityGlobals) = postSolution
		SolutionGuid = {BF812A12-87B1-4D5D-8DFA-0A2B86A91B1C}
	EndGlobalSection
EndGlobal
